
Microsoft Visual Studio Solution File, Format Version 12.00
# Visual Studio 15
VisualStudioVersion = 15.0.28307.1259
MinimumVisualStudioVersion = 10.0.40219.1
Project("{8BC9CEB8-8B4A-11D0-8D11-00A0C91BC942}") = "jpeg", "jpeg.vcxproj", "{6D878ABA-62CD-4DC4-B2E7-CEB009590DDB}"
EndProject
Global
	GlobalSection(SolutionConfigurationPlatforms) = preSolution
		Debug|x86 = Debug|x86
		Release|x86 = Release|x86
	EndGlobalSection
	GlobalSection(ProjectConfigurationPlatforms) = postSolution
		{6D878ABA-62CD-4DC4-B2E7-CEB009590DDB}.Debug|x86.ActiveCfg = Debug|Win32
		{6D878ABA-62CD-4DC4-B2E7-CEB009590DDB}.Debug|x86.Build.0 = Debug|Win32
		{6D878ABA-62CD-4DC4-B2E7-CEB009590DDB}.Release|x86.ActiveCfg = Release|Win32
		{6D878ABA-62CD-4DC4-B2E7-CEB009590DDB}.Release|x86.Build.0 = Release|Win32
	EndGlobalSection
	GlobalSection(SolutionProperties) = preSolution
		HideSolutionNode = FALSE
	EndGlobalSection
	GlobalSection(ExtensibilityGlobals) = postSolution
		SolutionGuid = {F17E9976-4968-4123-9CCE-0E9E5A99D7B0}
	EndGlobalSection
EndGlobal
